Microsoft Visual Studio Solution File, Format Version 12.00
# Visual Studio Version 18
VisualStudioVersion = 18.9.12112.369
MinimumVisualStudioVersion = 10.0.40219.1
Project("{9A19103F-16F7-4668-BE54-9A1E7A4F7556}") = "Clean.Messaging", "src\Clean.Messaging\Clean.Messaging.csproj", "{02602CD2-9DE0-4B20-8449-535DF8B5CCAA}"
EndProject
Project("{9A19103F-16F7-4668-BE54-9A1E7A4F7556}") = "Clean.Messaging.EntityFrameworkCore", "src\Clean.Messaging.EntityFrameworkCore\Clean.Messaging.EntityFrameworkCore.csproj", "{D0FBCE29-7B0F-41B8-8C5C-DDE068A5117A}"
EndProject
Project("{9A19103F-16F7-4668-BE54-9A1E7A4F7556}") = "Clean.Messaging.Ddd", "src\Clean.Messaging.Ddd\Clean.Messaging.Ddd.csproj", "{3A2D1CF7-8F4D-4651-88E2-445CF5B1C2A9}"
EndProject
Project("{9A19103F-16F7-4668-BE54-9A1E7A4F7556}") = "Clean.Messaging.Ddd.EntityFrameworkCore", "src\Clean.Messaging.Ddd.EntityFrameworkCore\Clean.Messaging.Ddd.EntityFrameworkCore.csproj", "{135F7308-3383-44A2-95A4-7E34429C83D9}"
EndProject
Project("{FAE04EC0-301F-11D3-BF4B-00C04F79EFBC}") = "Clean.Messaging.Abstractions", "src\Clean.Messaging.Abstractions\Clean.Messaging.Abstractions.csproj", "{FFAC1682-01DD-47E9-9D08-7ECA1545964F}"
EndProject
Project("{FAE04EC0-301F-11D3-BF4B-00C04F79EFBC}") = "Clean.Messaging.Inbox", "src\Clean.Messaging.Inbox\Clean.Messaging.Inbox.csproj", "{D5DA3EF0-3028-4D61-A0D8-13CE4BCF4D63}"
EndProject
Project("{FAE04EC0-301F-11D3-BF4B-00C04F79EFBC}") = "Clean.Messaging.Outbox", "src\Clean.Messaging.Outbox\Clean.Messaging.Outbox.csproj", "{B0FE07DA-086A-4F17-B4DC-AEF703E14477}"
EndProject
Project("{FAE04EC0-301F-11D3-BF4B-00C04F79EFBC}") = "Clean.Messaging.Inbox.EntityFrameworkCore", "src\Clean.Messaging.Inbox.EntityFrameworkCore\Clean.Messaging.Inbox.EntityFrameworkCore.csproj", "{5BAB265D-2232-4367-B8D5-D142DDEE80C7}"
EndProject
Project("{FAE04EC0-301F-11D3-BF4B-00C04F79EFBC}") = "Clean.Messaging.Outbox.EntityFrameworkCore", "src\Clean.Messaging.Outbox.EntityFrameworkCore\Clean.Messaging.Outbox.EntityFrameworkCore.csproj", "{27DC0DE6-AED6-45F4-A031-D54465464ADD}"
EndProject
Project("{FAE04EC0-301F-11D3-BF4B-00C04F79EFBC}") = "Clean.Messaging.Sagas.EntityFrameworkCore", "src\Clean.Messaging.Sagas.EntityFrameworkCore\Clean.Messaging.Sagas.EntityFrameworkCore.csproj", "{AC5C024F-EF8E-45EF-98D3-7F6B3649CBF8}"
EndProject
Project("{FAE04EC0-301F-11D3-BF4B-00C04F79EFBC}") = "Clean.Messaging.Sagas", "src\Clean.Messaging.Sagas\Clean.Messaging.Sagas.csproj", "{1947F9B5-CD8B-4365-A1F3-10A5E37949E3}"
EndProject
Project("{2150E333-8FDC-42A3-9474-1A3956D46DE8}") = "src", "src", "{AF8D6B31-7D21-4A98-A781-73A0CCBB578F}"
EndProject
Project("{FAE04EC0-301F-11D3-BF4B-00C04F79EFBC}") = "Clean.Messaging.Outbox.Mqtt", "src\Clean.Messaging.Outbox.Mqtt\Clean.Messaging.Outbox.Mqtt.csproj", "{348DFB5C-FFED-456C-BC98-DB61874D58F5}"
EndProject
Global
	GlobalSection(SolutionConfigurationPlatforms) = preSolution
		Debug|Any CPU = Debug|Any CPU
		Release|Any CPU = Release|Any CPU
	EndGlobalSection
	GlobalSection(ProjectConfigurationPlatforms) = postSolution
		{02602CD2-9DE0-4B20-8449-535DF8B5CCAA}.Debug|Any CPU.ActiveCfg = Debug|Any CPU
		{02602CD2-9DE0-4B20-8449-535DF8B5CCAA}.Debug|Any CPU.Build.0 = Debug|Any CPU
		{02602CD2-9DE0-4B20-8449-535DF8B5CCAA}.Release|Any CPU.ActiveCfg = Release|Any CPU
		{02602CD2-9DE0-4B20-8449-535DF8B5CCAA}.Release|Any CPU.Build.0 = Release|Any CPU
		{D0FBCE29-7B0F-41B8-8C5C-DDE068A5117A}.Debug|Any CPU.ActiveCfg = Debug|Any CPU
		{D0FBCE29-7B0F-41B8-8C5C-DDE068A5117A}.Debug|Any CPU.Build.0 = Debug|Any CPU
		{D0FBCE29-7B0F-41B8-8C5C-DDE068A5117A}.Release|Any CPU.ActiveCfg = Release|Any CPU
		{D0FBCE29-7B0F-41B8-8C5C-DDE068A5117A}.Release|Any CPU.Build.0 = Release|Any CPU
		{3A2D1CF7-8F4D-4651-88E2-445CF5B1C2A9}.Debug|Any CPU.ActiveCfg = Debug|Any CPU
		{3A2D1CF7-8F4D-4651-88E2-445CF5B1C2A9}.Debug|Any CPU.Build.0 = Debug|Any CPU
		{3A2D1CF7-8F4D-4651-88E2-445CF5B1C2A9}.Release|Any CPU.ActiveCfg = Release|Any CPU
		{3A2D1CF7-8F4D-4651-88E2-445CF5B1C2A9}.Release|Any CPU.Build.0 = Release|Any CPU
		{135F7308-3383-44A2-95A4-7E34429C83D9}.Debug|Any CPU.ActiveCfg = Debug|Any CPU
		{135F7308-3383-44A2-95A4-7E34429C83D9}.Debug|Any CPU.Build.0 = Debug|Any CPU
		{135F7308-3383-44A2-95A4-7E34429C83D9}.Release|Any CPU.ActiveCfg = Release|Any CPU
		{135F7308-3383-44A2-95A4-7E34429C83D9}.Release|Any CPU.Build.0 = Release|Any CPU
		{FFAC1682-01DD-47E9-9D08-7ECA1545964F}.Debug|Any CPU.ActiveCfg = Debug|Any CPU
		{FFAC1682-01DD-47E9-9D08-7ECA1545964F}.Debug|Any CPU.Build.0 = Debug|Any CPU
		{FFAC1682-01DD-47E9-9D08-7ECA1545964F}.Release|Any CPU.ActiveCfg = Release|Any CPU
		{FFAC1682-01DD-47E9-9D08-7ECA1545964F}.Release|Any CPU.Build.0 = Release|Any CPU
		{D5DA3EF0-3028-4D61-A0D8-13CE4BCF4D63}.Debug|Any CPU.ActiveCfg = Debug|Any CPU
		{D5DA3EF0-3028-4D61-A0D8-13CE4BCF4D63}.Debug|Any CPU.Build.0 = Debug|Any CPU
		{D5DA3EF0-3028-4D61-A0D8-13CE4BCF4D63}.Release|Any CPU.ActiveCfg = Release|Any CPU
		{D5DA3EF0-3028-4D61-A0D8-13CE4BCF4D63}.Release|Any CPU.Build.0 = Release|Any CPU
		{B0FE07DA-086A-4F17-B4DC-AEF703E14477}.Debug|Any CPU.ActiveCfg = Debug|Any CPU
		{B0FE07DA-086A-4F17-B4DC-AEF703E14477}.Debug|Any CPU.Build.0 = Debug|Any CPU
		{B0FE07DA-086A-4F17-B4DC-AEF703E14477}.Release|Any CPU.ActiveCfg = Release|Any CPU
		{B0FE07DA-086A-4F17-B4DC-AEF703E14477}.Release|Any CPU.Build.0 = Release|Any CPU
		{5BAB265D-2232-4367-B8D5-D142DDEE80C7}.Debug|Any CPU.ActiveCfg = Debug|Any CPU
		{5BAB265D-2232-4367-B8D5-D142DDEE80C7}.Debug|Any CPU.Build.0 = Debug|Any CPU
		{5BAB265D-2232-4367-B8D5-D142DDEE80C7}.Release|Any CPU.ActiveCfg = Release|Any CPU
		{5BAB265D-2232-4367-B8D5-D142DDEE80C7}.Release|Any CPU.Build.0 = Release|Any CPU
		{27DC0DE6-AED6-45F4-A031-D54465464ADD}.Debug|Any CPU.ActiveCfg = Debug|Any CPU
		{27DC0DE6-AED6-45F4-A031-D54465464ADD}.Debug|Any CPU.Build.0 = Debug|Any CPU
		{27DC0DE6-AED6-45F4-A031-D54465464ADD}.Release|Any CPU.ActiveCfg = Release|Any CPU
		{27DC0DE6-AED6-45F4-A031-D54465464ADD}.Release|Any CPU.Build.0 = Release|Any CPU
		{AC5C024F-EF8E-45EF-98D3-7F6B3649CBF8}.Debug|Any CPU.ActiveCfg = Debug|Any CPU
		{AC5C024F-EF8E-45EF-98D3-7F6B3649CBF8}.Debug|Any CPU.Build.0 = Debug|Any CPU
		{AC5C024F-EF8E-45EF-98D3-7F6B3649CBF8}.Release|Any CPU.ActiveCfg = Release|Any CPU
		{AC5C024F-EF8E-45EF-98D3-7F6B3649CBF8}.Release|Any CPU.Build.0 = Release|Any CPU
		{1947F9B5-CD8B-4365-A1F3-10A5E37949E3}.Debug|Any CPU.ActiveCfg = Debug|Any CPU
		{1947F9B5-CD8B-4365-A1F3-10A5E37949E3}.Debug|Any CPU.Build.0 = Debug|Any CPU
		{1947F9B5-CD8B-4365-A1F3-10A5E37949E3}.Release|Any CPU.ActiveCfg = Release|Any CPU
		{1947F9B5-CD8B-4365-A1F3-10A5E37949E3}.Release|Any CPU.Build.0 = Release|Any CPU
		{348DFB5C-FFED-456C-BC98-DB61874D58F5}.Debug|Any CPU.ActiveCfg = Debug|Any CPU
		{348DFB5C-FFED-456C-BC98-DB61874D58F5}.Debug|Any CPU.Build.0 = Debug|Any CPU
		{348DFB5C-FFED-456C-BC98-DB61874D58F5}.Release|Any CPU.ActiveCfg = Release|Any CPU
		{348DFB5C-FFED-456C-BC98-DB61874D58F5}.Release|Any CPU.Build.0 = Release|Any CPU
	EndGlobalSection
	GlobalSection(SolutionProperties) = preSolution
		HideSolutionNode = FALSE
	EndGlobalSection
	GlobalSection(NestedProjects) = preSolution
		{02602CD2-9DE0-4B20-8449-535DF8B5CCAA} = {AF8D6B31-7D21-4A98-A781-73A0CCBB578F}
		{D0FBCE29-7B0F-41B8-8C5C-DDE068A5117A} = {AF8D6B31-7D21-4A98-A781-73A0CCBB578F}
		{3A2D1CF7-8F4D-4651-88E2-445CF5B1C2A9} = {AF8D6B31-7D21-4A98-A781-73A0CCBB578F}
		{135F7308-3383-44A2-95A4-7E34429C83D9} = {AF8D6B31-7D21-4A98-A781-73A0CCBB578F}
		{FFAC1682-01DD-47E9-9D08-7ECA1545964F} = {AF8D6B31-7D21-4A98-A781-73A0CCBB578F}
		{D5DA3EF0-3028-4D61-A0D8-13CE4BCF4D63} = {AF8D6B31-7D21-4A98-A781-73A0CCBB578F}
		{B0FE07DA-086A-4F17-B4DC-AEF703E14477} = {AF8D6B31-7D21-4A98-A781-73A0CCBB578F}
		{5BAB265D-2232-4367-B8D5-D142DDEE80C7} = {AF8D6B31-7D21-4A98-A781-73A0CCBB578F}
		{27DC0DE6-AED6-45F4-A031-D54465464ADD} = {AF8D6B31-7D21-4A98-A781-73A0CCBB578F}
		{AC5C024F-EF8E-45EF-98D3-7F6B3649CBF8} = {AF8D6B31-7D21-4A98-A781-73A0CCBB578F}
		{1947F9B5-CD8B-4365-A1F3-10A5E37949E3} = {AF8D6B31-7D21-4A98-A781-73A0CCBB578F}
		{348DFB5C-FFED-456C-BC98-DB61874D58F5} = {AF8D6B31-7D21-4A98-A781-73A0CCBB578F}
	EndGlobalSection
	GlobalSection(ExtensibilityGlobals) = postSolution
		SolutionGuid = {7388D026-3B56-4D27-BD83-BA264B2C61E6}
	EndGlobalSection
EndGlobal
